
Microsoft Visual Studio Solution File, Format Version 12.00
# Visual Studio 15
Project("{FAE04EC0-301F-11D3-BF4B-00C04F79EFBC}") = "CalculatorApp.Android", "CalculatorApp.Android\CalculatorApp.Android.csproj", "{3BD14DE2-7E39-4337-80C6-7A7C0DA8DEEE}"
EndProject
Project("{FAE04EC0-301F-11D3-BF4B-00C04F79EFBC}") = "CalculatorApp.iOS", "CalculatorApp.iOS\CalculatorApp.iOS.csproj", "{58574AA4-E713-46C5-B2B2-36F2AC15EC10}"
EndProject
Project("{FAE04EC0-301F-11D3-BF4B-00C04F79EFBC}") = "CalculatorApp", "CalculatorApp\CalculatorApp.csproj", "{267986DD-23B3-48FC-AFE6-716DBCC72670}"
EndProject
Global
	GlobalSection(SolutionConfigurationPlatforms) = preSolution
		Debug|Any CPU = Debug|Any CPU
		Release|Any CPU = Release|Any CPU
		Debug|iPhoneSimulator = Debug|iPhoneSimulator
		Release|iPhoneSimulator = Release|iPhoneSimulator
		Debug|iPhone = Debug|iPhone
		Release|iPhone = Release|iPhone
	EndGlobalSection
	GlobalSection(ProjectConfigurationPlatforms) = postSolution
		{3BD14DE2-7E39-4337-80C6-7A7C0DA8DEEE}.Debug|Any CPU.ActiveCfg = Debug|Any CPU
		{3BD14DE2-7E39-4337-80C6-7A7C0DA8DEEE}.Debug|Any CPU.Build.0 = Debug|Any CPU
		{3BD14DE2-7E39-4337-80C6-7A7C0DA8DEEE}.Release|Any CPU.ActiveCfg = Release|Any CPU
		{3BD14DE2-7E39-4337-80C6-7A7C0DA8DEEE}.Release|Any CPU.Build.0 = Release|Any CPU
		{3BD14DE2-7E39-4337-80C6-7A7C0DA8DEEE}.Debug|iPhoneSimulator.ActiveCfg = Debug|Any CPU
		{3BD14DE2-7E39-4337-80C6-7A7C0DA8DEEE}.Debug|iPhoneSimulator.Build.0 = Debug|Any CPU
		{3BD14DE2-7E39-4337-80C6-7A7C0DA8DEEE}.Release|iPhoneSimulator.ActiveCfg = Release|Any CPU
		{3BD14DE2-7E39-4337-80C6-7A7C0DA8DEEE}.Release|iPhoneSimulator.Build.0 = Release|Any CPU
		{3BD14DE2-7E39-4337-80C6-7A7C0DA8DEEE}.Debug|iPhone.ActiveCfg = Debug|Any CPU
		{3BD14DE2-7E39-4337-80C6-7A7C0DA8DEEE}.Debug|iPhone.Build.0 = Debug|Any CPU
		{3BD14DE2-7E39-4337-80C6-7A7C0DA8DEEE}.Release|iPhone.ActiveCfg = Release|Any CPU
		{3BD14DE2-7E39-4337-80C6-7A7C0DA8DEEE}.Release|iPhone.Build.0 = Release|Any CPU
		{58574AA4-E713-46C5-B2B2-36F2AC15EC10}.Debug|Any CPU.ActiveCfg = Debug|iPhoneSimulator
		{58574AA4-E713-46C5-B2B2-36F2AC15EC10}.Debug|Any CPU.Build.0 = Debug|iPhoneSimulator
		{58574AA4-E713-46C5-B2B2-36F2AC15EC10}.Release|Any CPU.ActiveCfg = Release|iPhoneSimulator
		{58574AA4-E713-46C5-B2B2-36F2AC15EC10}.Release|Any CPU.Build.0 = Release|iPhoneSimulator
		{58574AA4-E713-46C5-B2B2-36F2AC15EC10}.Debug|iPhoneSimulator.ActiveCfg = Debug|iPhoneSimulator
		{58574AA4-E713-46C5-B2B2-36F2AC15EC10}.Debug|iPhoneSimulator.Build.0 = Debug|iPhoneSimulator
		{58574AA4-E713-46C5-B2B2-36F2AC15EC10}.Release|iPhoneSimulator.ActiveCfg = Release|iPhoneSimulator
		{58574AA4-E713-46C5-B2B2-36F2AC15EC10}.Release|iPhoneSimulator.Build.0 = Release|iPhoneSimulator
		{58574AA4-E713-46C5-B2B2-36F2AC15EC10}.Debug|iPhone.ActiveCfg = Debug|iPhone
		{58574AA4-E713-46C5-B2B2-36F2AC15EC10}.Debug|iPhone.Build.0 = Debug|iPhone
		{58574AA4-E713-46C5-B2B2-36F2AC15EC10}.Release|iPhone.ActiveCfg = Release|iPhone
		{58574AA4-E713-46C5-B2B2-36F2AC15EC10}.Release|iPhone.Build.0 = Release|iPhone
		{267986DD-23B3-48FC-AFE6-716DBCC72670}.Debug|Any CPU.ActiveCfg = Debug|Any CPU
		{267986DD-23B3-48FC-AFE6-716DBCC72670}.Debug|Any CPU.Build.0 = Debug|Any CPU
		{267986DD-23B3-48FC-AFE6-716DBCC72670}.Release|Any CPU.ActiveCfg = Release|Any CPU
		{267986DD-23B3-48FC-AFE6-716DBCC72670}.Release|Any CPU.Build.0 = Release|Any CPU
		{267986DD-23B3-48FC-AFE6-716DBCC72670}.Debug|iPhoneSimulator.ActiveCfg = Debug|Any CPU
		{267986DD-23B3-48FC-AFE6-716DBCC72670}.Debug|iPhoneSimulator.Build.0 = Debug|Any CPU
		{267986DD-23B3-48FC-AFE6-716DBCC72670}.Release|iPhoneSimulator.ActiveCfg = Release|Any CPU
		{267986DD-23B3-48FC-AFE6-716DBCC72670}.Release|iPhoneSimulator.Build.0 = Release|Any CPU
		{267986DD-23B3-48FC-AFE6-716DBCC72670}.Debug|iPhone.ActiveCfg = Debug|Any CPU
		{267986DD-23B3-48FC-AFE6-716DBCC72670}.Debug|iPhone.Build.0 = Debug|Any CPU
		{267986DD-23B3-48FC-AFE6-716DBCC72670}.Release|iPhone.ActiveCfg = Release|Any CPU
		{267986DD-23B3-48FC-AFE6-716DBCC72670}.Release|iPhone.Build.0 = Release|Any CPU
	EndGlobalSection
EndGlobal
